
Microsoft Visual Studio Solution File, Format Version 12.00
# Visual Studio Version 16
VisualStudioVersion = 16.0.29102.190
MinimumVisualStudioVersion = 10.0.40219.1
Project("{FAE04EC0-301F-11D3-BF4B-00C04F79EFBC}") = "UrnaLivre", "UrnaLivre\UrnaLivre.csproj", "{179BB255-E93D-4731-A4F0-F33EE4D86C89}"
EndProject
Global
	GlobalSection(SolutionConfigurationPlatforms) = preSolution
		Debug|Any CPU = Debug|Any CPU
		Release|Any CPU = Release|Any CPU
	EndGlobalSection
	GlobalSection(ProjectConfigurationPlatforms) = postSolution
		{179BB255-E93D-4731-A4F0-F33EE4D86C89}.Debug|Any CPU.ActiveCfg = Debug|Any CPU
		{179BB255-E93D-4731-A4F0-F33EE4D86C89}.Debug|Any CPU.Build.0 = Debug|Any CPU
		{179BB255-E93D-4731-A4F0-F33EE4D86C89}.Release|Any CPU.ActiveCfg = Release|Any CPU
		{179BB255-E93D-4731-A4F0-F33EE4D86C89}.Release|Any CPU.Build.0 = Release|Any CPU
	EndGlobalSection
	GlobalSection(SolutionProperties) = preSolution
		HideSolutionNode = FALSE
	EndGlobalSection
	GlobalSection(ExtensibilityGlobals) = postSolution
		SolutionGuid = {D69358C1-A095-4F98-8A66-9672ABA62EF1}
	EndGlobalSection
EndGlobal
